
Microsoft Visual Studio Solution File, Format Version 12.00
# Visual Studio 15
Project("{FAE04EC0-301F-11D3-BF4B-00C04F79EFBC}") = "day02-获取用户输入", "day02-获取用户输入\day02-获取用户输入.csproj", "{55406570-338C-474D-AA9C-BDB7C49E3626}"
EndProject
Project("{FAE04EC0-301F-11D3-BF4B-00C04F79EFBC}") = "day02-赋值运算", "赋值运算符\day02-赋值运算.csproj", "{BC4B9A80-EAF1-4333-A1E6-2F9960A1777F}"
EndProject
Project("{FAE04EC0-301F-11D3-BF4B-00C04F79EFBC}") = "day03-1-练习", "day03-练习\day03-1-练习.csproj", "{225BE762-951C-43CA-81CA-7F5241C39E99}"
EndProject
Project("{FAE04EC0-301F-11D3-BF4B-00C04F79EFBC}") = "day03-2-布尔运算", "day03-布尔运算\day03-2-布尔运算.csproj", "{88366585-6F7A-43BC-8959-07FF563C0F0C}"
EndProject
Project("{FAE04EC0-301F-11D3-BF4B-00C04F79EFBC}") = "day03-3-goto", "day03-3-goto\day03-3-goto.csproj", "{84F4CDBD-2A4C-4087-9E71-FEC8D5E7B1E9}"
EndProject
Project("{FAE04EC0-301F-11D3-BF4B-00C04F79EFBC}") = "day03-4-流程控制语句", "day03-04-流程控制语句\day03-4-流程控制语句.csproj", "{BE1C8C1F-06AA-4DC5-A54E-6389DFB86C1A}"
EndProject
Project("{FAE04EC0-301F-11D3-BF4B-00C04F79EFBC}") = "day03-5-三元表达式", "day03-5-三元表达式\day03-5-三元表达式.csproj", "{82520277-DD25-409B-BEF1-7862A0198D28}"
EndProject
Project("{FAE04EC0-301F-11D3-BF4B-00C04F79EFBC}") = "day04-1-ifelse", "day04-1-ifelse\day04-1-ifelse.csproj", "{7177A2B5-205A-43AA-BB77-CA0D7C007306}"
EndProject
Project("{FAE04EC0-301F-11D3-BF4B-00C04F79EFBC}") = "day04-2-switch", "day04-2-switch\day04-2-switch.csproj", "{97720F9A-06D6-4493-B4EB-4901C5C65066}"
EndProject
Project("{FAE04EC0-301F-11D3-BF4B-00C04F79EFBC}") = "day04-3-while循环", "day04-3-while循环\day04-3-while循环.csproj", "{35AF7549-05A5-4BFF-9D5E-8D12D11C6C40}"
EndProject
Project("{FAE04EC0-301F-11D3-BF4B-00C04F79EFBC}") = "day04-4-dowhile", "day04-4-dowhile\day04-4-dowhile.csproj", "{E26045A2-0C74-4C20-B9FF-E7376D12E6CE}"
EndProject
Project("{FAE04EC0-301F-11D3-BF4B-00C04F79EFBC}") = "day-04-5-for循环", "day-04-5-for循环\day-04-5-for循环.csproj", "{D67953A2-ADB8-41D6-9AD4-5A08E758C2ED}"
EndProject
Project("{FAE04EC0-301F-11D3-BF4B-00C04F79EFBC}") = "day-04-6-break练习", "day-04-6-break练习\day-04-6-break练习.csproj", "{C71B868A-0E7A-4525-B7B9-DF2AD70B3B4A}"
EndProject
Project("{FAE04EC0-301F-11D3-BF4B-00C04F79EFBC}") = "day04-7-continue中断", "day04-7-continue中断\day04-7-continue中断.csproj", "{12A2CAF6-9F39-46EE-847F-2B1DE082DED6}"
EndProject
Project("{FAE04EC0-301F-11D3-BF4B-00C04F79EFBC}") = "day04-8-练习switch计算器", "day04-8-练习\day04-8-练习switch计算器.csproj", "{104C09CB-E899-466B-A84C-49BA9A6A9922}"
EndProject
Project("{FAE04EC0-301F-11D3-BF4B-00C04F79EFBC}") = "day04-9-for练习整除求和", "day04-9-for练习整除求和\day04-9-for练习整除求和.csproj", "{C159D16B-875A-42C6-9933-D671048EDBB9}"
EndProject
Project("{FAE04EC0-301F-11D3-BF4B-00C04F79EFBC}") = "day04-10-for循环练习", "day04-10-for循环练习\day04-10-for循环练习.csproj", "{2D9908EE-9A09-4301-9B54-C24C073E74F3}"
EndProject
Project("{FAE04EC0-301F-11D3-BF4B-00C04F79EFBC}") = "day04-练习-01-for乘法表-嵌套", "day04-练习-01-for乘法表\day04-练习-01-for乘法表-嵌套.csproj", "{995050F0-EABC-4BFE-B246-7B5AA785082E}"
EndProject
Project("{FAE04EC0-301F-11D3-BF4B-00C04F79EFBC}") = "day04-练习-随机数", "day04-练习-随机数\day04-练习-随机数.csproj", "{93407A32-8A25-4505-989F-B2EE542953C4}"
EndProject
Project("{FAE04EC0-301F-11D3-BF4B-00C04F79EFBC}") = "day05-001-判断字母大小写", "day05-001-判断字母大小写\day05-001-判断字母大小写.csproj", "{BDA85B8D-891F-4B73-A018-6477100D3CA6}"
EndProject
Project("{FAE04EC0-301F-11D3-BF4B-00C04F79EFBC}") = "day05-002-练习-选择性接收整数", "day05-002-练习-选择性接收整数\day05-002-练习-选择性接收整数.csproj", "{E4770FD6-1070-406D-9996-038F0B1CBBBA}"
EndProject
Project("{FAE04EC0-301F-11D3-BF4B-00C04F79EFBC}") = "day-05-003-类型转换", "day-05-003-类型转换\day-05-003-类型转换.csproj", "{5DD4199C-27AF-4CF6-B122-7504BAA61281}"
EndProject
Project("{FAE04EC0-301F-11D3-BF4B-00C04F79EFBC}") = "day-05-005-枚举类型", "day-05-003-枚举类型\day-05-005-枚举类型.csproj", "{D614CD56-2300-4836-9542-21EA7A3861D7}"
EndProject
Project("{FAE04EC0-301F-11D3-BF4B-00C04F79EFBC}") = "day-05-004-结构体", "day-05-004-结构体\day-05-004-结构体.csproj", "{B9250DB4-1058-4167-A75A-7DCECC212721}"
EndProject
Project("{FAE04EC0-301F-11D3-BF4B-00C04F79EFBC}") = "day-05-006-结构体和枚举的练习", "day-05-006-结构体和枚举的练习\day-05-006-结构体和枚举的练习.csproj", "{F62D068B-CDF3-4A48-8EB3-3A121079837F}"
EndProject
Project("{FAE04EC0-301F-11D3-BF4B-00C04F79EFBC}") = "day-05-007-数组", "day-05-007-数组\day-05-007-数组.csproj", "{B1767AC4-40EB-4ACC-8CFD-57B3E64571C9}"
EndProject
Project("{FAE04EC0-301F-11D3-BF4B-00C04F79EFBC}") = "day-05-008-数组遍历", "day-05-008-数组遍历\day-05-008-数组遍历.csproj", "{84035B65-8E83-4127-97B1-81E71DBBE111}"
EndProject
Project("{FAE04EC0-301F-11D3-BF4B-00C04F79EFBC}") = "day-05-009-练习字符串处理", "day-05-009-练习字符串处理\day-05-009-练习字符串处理.csproj", "{EA62F7F1-7012-401E-9D86-A6AAB7787A31}"
EndProject
Project("{FAE04EC0-301F-11D3-BF4B-00C04F79EFBC}") = "day-06-001-练习题1水仙数", "day-06-001-练习题1\day-06-001-练习题1水仙数.csproj", "{6DA7756F-7B39-43E1-86A5-276CFF1F6958}"
EndProject
Project("{FAE04EC0-301F-11D3-BF4B-00C04F79EFBC}") = "day-06-002-练习题2可乐瓶", "day-06-002-练习题2\day-06-002-练习题2可乐瓶.csproj", "{41ECB864-1BCB-47D1-B2FB-9249F5BECEA5}"
EndProject
Project("{FAE04EC0-301F-11D3-BF4B-00C04F79EFBC}") = "day-06-003-练习题3猜字游戏", "day-06-003-练习题3\day-06-003-练习题3猜字游戏.csproj", "{592BDC10-87BC-48EC-A573-2AE322D4B897}"
EndProject
Project("{FAE04EC0-301F-11D3-BF4B-00C04F79EFBC}") = "day-06-004-练习题4字符加密", "day-06-004-练习题4字符加密\day-06-004-练习题4字符加密.csproj", "{0D3AC5DC-5B77-4C2A-AC3D-8755AE4D84DB}"
EndProject
Project("{FAE04EC0-301F-11D3-BF4B-00C04F79EFBC}") = "day-06-005-练习5数字大小排序xx", "day-06-005-练习5数字大小排序\day-06-005-练习5数字大小排序xx.csproj", "{0ED23B38-2777-4158-9C36-6F847F3AFD86}"
EndProject
Project("{FAE04EC0-301F-11D3-BF4B-00C04F79EFBC}") = "day-06-006-练习题回文串", "day-06-006-练习题回文串\day-06-006-练习题回文串.csproj", "{E352D33F-1189-4DDD-A9B3-711A05B0FFC1}"
EndProject
Project("{FAE04EC0-301F-11D3-BF4B-00C04F79EFBC}") = "day-06-007-练习题密码合格判断", "day-06-\day-06-007-练习题密码合格判断.csproj", "{877D8FBC-0174-4713-B9A3-799336F27CA3}"
EndProject
Project("{FAE04EC0-301F-11D3-BF4B-00C04F79EFBC}") = "text-char", "text-char\text-char.csproj", "{417DBA0F-B2F7-4467-8B03-79BDA2CFC0A0}"
EndProject
Project("{FAE04EC0-301F-11D3-BF4B-00C04F79EFBC}") = "day-06-004-01-练习题答案", "day-06-004-01-练习题答案\day-06-004-01-练习题答案.csproj", "{F36860D9-9D07-4AD0-B095-E0FE18F44399}"
EndProject
Project("{FAE04EC0-301F-11D3-BF4B-00C04F79EFBC}") = "day-07-001-try语句", "day-07-001-try语句\day-07-001-try语句.csproj", "{170B395D-00F3-44F5-82DF-728B5A54B2D8}"
EndProject
Project("{FAE04EC0-301F-11D3-BF4B-00C04F79EFBC}") = "day-07-002-面向对象编程", "day-07-002-面向对象编程\day-07-002-面向对象编程.csproj", "{3FC2B0EA-C6D0-4A4D-9443-E251DD8CD99D}"
EndProject
Project("{FAE04EC0-301F-11D3-BF4B-00C04F79EFBC}") = "day-07-004-类的使用-1", "day-07-004-类的使用\day-07-004-类的使用-1.csproj", "{AE1462AE-D063-4E04-BBF9-527E2DED5461}"
EndProject
Project("{FAE04EC0-301F-11D3-BF4B-00C04F79EFBC}") = "day-08-001-继承和虚方法", "day-08-001-类的继承\day-08-001-继承和虚方法.csproj", "{2B8BEACE-26B7-451A-B099-24BB122E5E32}"
EndProject
Project("{FAE04EC0-301F-11D3-BF4B-00C04F79EFBC}") = "day-09-001-隐藏方法", "day-09-001-隐藏方法\day-09-001-隐藏方法.csproj", "{60AEA22E-1905-47F5-87EA-B42DFAFE6D58}"
EndProject
Project("{FAE04EC0-301F-11D3-BF4B-00C04F79EFBC}") = "day-09-002-抽象类", "day-09-002-this-base用法\day-09-002-抽象类.csproj", "{3FCD3C90-1CDB-4D0C-8676-C9156992B28E}"
EndProject
Project("{FAE04EC0-301F-11D3-BF4B-00C04F79EFBC}") = "day-09-003-派生类构造函数", "day-09-003-派生类构造函数\day-09-003-派生类构造函数.csproj", "{5733251E-7778-481D-8FEC-DA2572CE56E2}"
EndProject
Project("{FAE04EC0-301F-11D3-BF4B-00C04F79EFBC}") = "text", "text\text.csproj", "{905CC3EF-48EC-4B16-907A-011932244143}"
EndProject
Project("{FAE04EC0-301F-11D3-BF4B-00C04F79EFBC}") = "day-10-001-接口", "day-10-001-接口\day-10-001-接口.csproj", "{64EF5C41-3240-4C87-9743-322715523CEA}"
EndProject
Project("{FAE04EC0-301F-11D3-BF4B-00C04F79EFBC}") = "day-11-001-集合体之一List", "day-11-001-集合体之一List\day-11-001-集合体之一List.csproj", "{06FD3804-B872-4C3D-982E-B6161694ED5F}"
EndProject
Project("{FAE04EC0-301F-11D3-BF4B-00C04F79EFBC}") = "day-12-001-泛类型", "day-12-001-泛类型\day-12-001-泛类型.csproj", "{5745EE52-11C4-412D-A7DD-BEBB5C1D4A0B}"
EndProject
Project("{FAE04EC0-301F-11D3-BF4B-00C04F79EFBC}") = "day-12-002-创建自己的LIst", "day-12-02-创建自己的LIst\day-12-002-创建自己的LIst.csproj", "{2B1E0CB5-D82C-43C3-BB5A-F4C7412CCB51}"
EndProject
Project("{FAE04EC0-301F-11D3-BF4B-00C04F79EFBC}") = "day-12-003-字符串和stringbuilder", "day-12-003-字符串和正则表达式\day-12-003-字符串和stringbuilder.csproj", "{B01CD07E-0CB6-45BB-A79A-945EC3055F4F}"
EndProject
Project("{FAE04EC0-301F-11D3-BF4B-00C04F79EFBC}") = "day-13-001-正则表达式", "day-13-001-正则表达式\day-13-001-正则表达式.csproj", "{A52E806C-624A-40D1-8505-659ABF463F28}"
EndProject
Project("{FAE04EC0-301F-11D3-BF4B-00C04F79EFBC}") = "day-14-01-委托的定义和使用", "day-14-01-委托的定义和使用\day-14-01-委托的定义和使用.csproj", "{6FC9661C-D231-4581-B149-53ECEB314A95}"
EndProject
Project("{FAE04EC0-301F-11D3-BF4B-00C04F79EFBC}") = "day-15-001-委托和事件深度学习", "day-15-001-委托和事件深度学习\day-15-001-委托和事件深度学习.csproj", "{BC5BE848-207E-4B27-BD2B-1B80F47E2DBF}"
EndProject
Project("{FAE04EC0-301F-11D3-BF4B-00C04F79EFBC}") = "day-15-002-委托多播", "day-15-002-委托拓展\day-15-002-委托多播.csproj", "{34DC0A7D-9C39-448F-BED1-976093EED6DA}"
EndProject
Project("{FAE04EC0-301F-11D3-BF4B-00C04F79EFBC}") = "day-15-003-委托练习", "day-15-003-委托练习\day-15-003-委托练习.csproj", "{7590DAEF-AF0D-46EE-9622-3BE6A5877080}"
EndProject
Project("{FAE04EC0-301F-11D3-BF4B-00C04F79EFBC}") = "day-16-001-匿名方法与lambda", "day-16-001-匿名方法\day-16-001-匿名方法与lambda.csproj", "{F0BF0908-A46E-4219-AC61-56DF618A22BA}"
EndProject
Project("{FAE04EC0-301F-11D3-BF4B-00C04F79EFBC}") = "day16-002-事件", "day16-002-事件\day16-002-事件.csproj", "{8271A697-B95E-4B79-92E5-AF6D0C47F251}"
EndProject
Project("{FAE04EC0-301F-11D3-BF4B-00C04F79EFBC}") = "day-16-003-被观察和观察1", "day-16-003-被观察和观察1\day-16-003-被观察和观察1.csproj", "{CCA6F8B6-AFE1-4316-ABBB-1E5850F0CC85}"
EndProject
Project("{FAE04EC0-301F-11D3-BF4B-00C04F79EFBC}") = "day-16-004-LINQ查询", "day-16-004-LINQ查询\day-16-004-LINQ查询.csproj", "{C5256B4B-1F7E-4E8A-BE66-DE03D0B1EB0B}"
EndProject
Project("{FAE04EC0-301F-11D3-BF4B-00C04F79EFBC}") = "day17-001-反射", "day17-001-反射\day17-001-反射.csproj", "{726789AB-83FB-4C7E-9D13-A43C3942F204}"
EndProject
Project("{FAE04EC0-301F-11D3-BF4B-00C04F79EFBC}") = "day-17-002-特性", "day-17-002-特性\day-17-002-特性.csproj", "{98FDB09D-43AF-4564-8889-5DAB0769ED90}"
EndProject
Project("{FAE04EC0-301F-11D3-BF4B-00C04F79EFBC}") = "day-18-001-线程", "day-18-001-线程\day-18-001-线程.csproj", "{6594F602-112A-447D-B406-06A6925B3100}"
EndProject
Project("{FAE04EC0-301F-11D3-BF4B-00C04F79EFBC}") = "day-18-002-Thread类", "day-18-002-Thread类\day-18-002-Thread类.csproj", "{1BD3039D-BAB7-4C83-92BE-19ADCA5E91E7}"
EndProject
Project("{FAE04EC0-301F-11D3-BF4B-00C04F79EFBC}") = "day-18-003-任务task", "day-18-003-任务task\day-18-003-任务task.csproj", "{AC50CA8D-D3B1-4D40-B16D-DAEF930DF239}"
EndProject
Project("{FAE04EC0-301F-11D3-BF4B-00C04F79EFBC}") = "day-19-001-Socket服务器端", "day-19-001-Socket网络通信\day-19-001-Socket服务器端.csproj", "{719BEFE5-6D8D-4EC1-942C-CB237B6DDF30}"
EndProject
Project("{FAE04EC0-301F-11D3-BF4B-00C04F79EFBC}") = "001-属性的补充", "001-属性的补充\001-属性的补充.csproj", "{61E3C5F0-8A77-4954-925A-93B35F049980}"
EndProject
Project("{FAE04EC0-301F-11D3-BF4B-00C04F79EFBC}") = "day20-001-多态重载", "day20-001-多态重载\day20-001-多态重载.csproj", "{98D59C18-A51B-4934-BC41-7222FEDD9567}"
EndProject
Project("{FAE04EC0-301F-11D3-BF4B-00C04F79EFBC}") = "day21-Tcplisten", "Tcplisten\day21-Tcplisten.csproj", "{A1FDFEAD-43EB-47A5-BB01-191FED9C5D38}"
EndProject
Project("{FAE04EC0-301F-11D3-BF4B-00C04F79EFBC}") = "day22-xml", "day22-xml\day22-xml.csproj", "{BB1EEE04-7CF9-4EDF-8727-A4562BB389FA}"
EndProject
Global
	GlobalSection(SolutionConfigurationPlatforms) = preSolution
		Debug|x86 = Debug|x86
		Release|x86 = Release|x86
	EndGlobalSection
	GlobalSection(ProjectConfigurationPlatforms) = postSolution
		{55406570-338C-474D-AA9C-BDB7C49E3626}.Debug|x86.ActiveCfg = Debug|x86
		{55406570-338C-474D-AA9C-BDB7C49E3626}.Debug|x86.Build.0 = Debug|x86
		{55406570-338C-474D-AA9C-BDB7C49E3626}.Release|x86.ActiveCfg = Release|x86
		{55406570-338C-474D-AA9C-BDB7C49E3626}.Release|x86.Build.0 = Release|x86
		{BC4B9A80-EAF1-4333-A1E6-2F9960A1777F}.Debug|x86.ActiveCfg = Debug|x86
		{BC4B9A80-EAF1-4333-A1E6-2F9960A1777F}.Debug|x86.Build.0 = Debug|x86
		{BC4B9A80-EAF1-4333-A1E6-2F9960A1777F}.Release|x86.ActiveCfg = Release|x86
		{BC4B9A80-EAF1-4333-A1E6-2F9960A1777F}.Release|x86.Build.0 = Release|x86
		{225BE762-951C-43CA-81CA-7F5241C39E99}.Debug|x86.ActiveCfg = Debug|x86
		{225BE762-951C-43CA-81CA-7F5241C39E99}.Debug|x86.Build.0 = Debug|x86
		{225BE762-951C-43CA-81CA-7F5241C39E99}.Release|x86.ActiveCfg = Release|x86
		{225BE762-951C-43CA-81CA-7F5241C39E99}.Release|x86.Build.0 = Release|x86
		{88366585-6F7A-43BC-8959-07FF563C0F0C}.Debug|x86.ActiveCfg = Debug|x86
		{88366585-6F7A-43BC-8959-07FF563C0F0C}.Debug|x86.Build.0 = Debug|x86
		{88366585-6F7A-43BC-8959-07FF563C0F0C}.Release|x86.ActiveCfg = Release|x86
		{88366585-6F7A-43BC-8959-07FF563C0F0C}.Release|x86.Build.0 = Release|x86
		{84F4CDBD-2A4C-4087-9E71-FEC8D5E7B1E9}.Debug|x86.ActiveCfg = Debug|x86
		{84F4CDBD-2A4C-4087-9E71-FEC8D5E7B1E9}.Debug|x86.Build.0 = Debug|x86
		{84F4CDBD-2A4C-4087-9E71-FEC8D5E7B1E9}.Release|x86.ActiveCfg = Release|x86
		{84F4CDBD-2A4C-4087-9E71-FEC8D5E7B1E9}.Release|x86.Build.0 = Release|x86
		{BE1C8C1F-06AA-4DC5-A54E-6389DFB86C1A}.Debug|x86.ActiveCfg = Debug|x86
		{BE1C8C1F-06AA-4DC5-A54E-6389DFB86C1A}.Debug|x86.Build.0 = Debug|x86
		{BE1C8C1F-06AA-4DC5-A54E-6389DFB86C1A}.Release|x86.ActiveCfg = Release|x86
		{BE1C8C1F-06AA-4DC5-A54E-6389DFB86C1A}.Release|x86.Build.0 = Release|x86
		{82520277-DD25-409B-BEF1-7862A0198D28}.Debug|x86.ActiveCfg = Debug|x86
		{82520277-DD25-409B-BEF1-7862A0198D28}.Debug|x86.Build.0 = Debug|x86
		{82520277-DD25-409B-BEF1-7862A0198D28}.Release|x86.ActiveCfg = Release|x86
		{82520277-DD25-409B-BEF1-7862A0198D28}.Release|x86.Build.0 = Release|x86
		{7177A2B5-205A-43AA-BB77-CA0D7C007306}.Debug|x86.ActiveCfg = Debug|x86
		{7177A2B5-205A-43AA-BB77-CA0D7C007306}.Debug|x86.Build.0 = Debug|x86
		{7177A2B5-205A-43AA-BB77-CA0D7C007306}.Release|x86.ActiveCfg = Release|x86
		{7177A2B5-205A-43AA-BB77-CA0D7C007306}.Release|x86.Build.0 = Release|x86
		{97720F9A-06D6-4493-B4EB-4901C5C65066}.Debug|x86.ActiveCfg = Debug|x86
		{97720F9A-06D6-4493-B4EB-4901C5C65066}.Debug|x86.Build.0 = Debug|x86
		{97720F9A-06D6-4493-B4EB-4901C5C65066}.Release|x86.ActiveCfg = Release|x86
		{97720F9A-06D6-4493-B4EB-4901C5C65066}.Release|x86.Build.0 = Release|x86
		{35AF7549-05A5-4BFF-9D5E-8D12D11C6C40}.Debug|x86.ActiveCfg = Debug|x86
		{35AF7549-05A5-4BFF-9D5E-8D12D11C6C40}.Debug|x86.Build.0 = Debug|x86
		{35AF7549-05A5-4BFF-9D5E-8D12D11C6C40}.Release|x86.ActiveCfg = Release|x86
		{35AF7549-05A5-4BFF-9D5E-8D12D11C6C40}.Release|x86.Build.0 = Release|x86
		{E26045A2-0C74-4C20-B9FF-E7376D12E6CE}.Debug|x86.ActiveCfg = Debug|x86
		{E26045A2-0C74-4C20-B9FF-E7376D12E6CE}.Debug|x86.Build.0 = Debug|x86
		{E26045A2-0C74-4C20-B9FF-E7376D12E6CE}.Release|x86.ActiveCfg = Release|x86
		{E26045A2-0C74-4C20-B9FF-E7376D12E6CE}.Release|x86.Build.0 = Release|x86
		{D67953A2-ADB8-41D6-9AD4-5A08E758C2ED}.Debug|x86.ActiveCfg = Debug|x86
		{D67953A2-ADB8-41D6-9AD4-5A08E758C2ED}.Debug|x86.Build.0 = Debug|x86
		{D67953A2-ADB8-41D6-9AD4-5A08E758C2ED}.Release|x86.ActiveCfg = Release|x86
		{D67953A2-ADB8-41D6-9AD4-5A08E758C2ED}.Release|x86.Build.0 = Release|x86
		{C71B868A-0E7A-4525-B7B9-DF2AD70B3B4A}.Debug|x86.ActiveCfg = Debug|x86
		{C71B868A-0E7A-4525-B7B9-DF2AD70B3B4A}.Debug|x86.Build.0 = Debug|x86
		{C71B868A-0E7A-4525-B7B9-DF2AD70B3B4A}.Release|x86.ActiveCfg = Release|x86
		{C71B868A-0E7A-4525-B7B9-DF2AD70B3B4A}.Release|x86.Build.0 = Release|x86
		{12A2CAF6-9F39-46EE-847F-2B1DE082DED6}.Debug|x86.ActiveCfg = Debug|x86
		{12A2CAF6-9F39-46EE-847F-2B1DE082DED6}.Debug|x86.Build.0 = Debug|x86
		{12A2CAF6-9F39-46EE-847F-2B1DE082DED6}.Release|x86.ActiveCfg = Release|x86
		{12A2CAF6-9F39-46EE-847F-2B1DE082DED6}.Release|x86.Build.0 = Release|x86
		{104C09CB-E899-466B-A84C-49BA9A6A9922}.Debug|x86.ActiveCfg = Debug|x86
		{104C09CB-E899-466B-A84C-49BA9A6A9922}.Debug|x86.Build.0 = Debug|x86
		{104C09CB-E899-466B-A84C-49BA9A6A9922}.Release|x86.ActiveCfg = Release|x86
		{104C09CB-E899-466B-A84C-49BA9A6A9922}.Release|x86.Build.0 = Release|x86
		{C159D16B-875A-42C6-9933-D671048EDBB9}.Debug|x86.ActiveCfg = Debug|x86
		{C159D16B-875A-42C6-9933-D671048EDBB9}.Debug|x86.Build.0 = Debug|x86
		{C159D16B-875A-42C6-9933-D671048EDBB9}.Release|x86.ActiveCfg = Release|x86
		{C159D16B-875A-42C6-9933-D671048EDBB9}.Release|x86.Build.0 = Release|x86
		{2D9908EE-9A09-4301-9B54-C24C073E74F3}.Debug|x86.ActiveCfg = Debug|x86
		{2D9908EE-9A09-4301-9B54-C24C073E74F3}.Debug|x86.Build.0 = Debug|x86
		{2D9908EE-9A09-4301-9B54-C24C073E74F3}.Release|x86.ActiveCfg = Release|x86
		{2D9908EE-9A09-4301-9B54-C24C073E74F3}.Release|x86.Build.0 = Release|x86
		{995050F0-EABC-4BFE-B246-7B5AA785082E}.Debug|x86.ActiveCfg = Debug|x86
		{995050F0-EABC-4BFE-B246-7B5AA785082E}.Debug|x86.Build.0 = Debug|x86
		{995050F0-EABC-4BFE-B246-7B5AA785082E}.Release|x86.ActiveCfg = Release|x86
		{995050F0-EABC-4BFE-B246-7B5AA785082E}.Release|x86.Build.0 = Release|x86
		{93407A32-8A25-4505-989F-B2EE542953C4}.Debug|x86.ActiveCfg = Debug|x86
		{93407A32-8A25-4505-989F-B2EE542953C4}.Debug|x86.Build.0 = Debug|x86
		{93407A32-8A25-4505-989F-B2EE542953C4}.Release|x86.ActiveCfg = Release|x86
		{93407A32-8A25-4505-989F-B2EE542953C4}.Release|x86.Build.0 = Release|x86
		{BDA85B8D-891F-4B73-A018-6477100D3CA6}.Debug|x86.ActiveCfg = Debug|x86
		{BDA85B8D-891F-4B73-A018-6477100D3CA6}.Debug|x86.Build.0 = Debug|x86
		{BDA85B8D-891F-4B73-A018-6477100D3CA6}.Release|x86.ActiveCfg = Release|x86
		{BDA85B8D-891F-4B73-A018-6477100D3CA6}.Release|x86.Build.0 = Release|x86
		{E4770FD6-1070-406D-9996-038F0B1CBBBA}.Debug|x86.ActiveCfg = Debug|x86
		{E4770FD6-1070-406D-9996-038F0B1CBBBA}.Debug|x86.Build.0 = Debug|x86
		{E4770FD6-1070-406D-9996-038F0B1CBBBA}.Release|x86.ActiveCfg = Release|x86
		{E4770FD6-1070-406D-9996-038F0B1CBBBA}.Release|x86.Build.0 = Release|x86
		{5DD4199C-27AF-4CF6-B122-7504BAA61281}.Debug|x86.ActiveCfg = Debug|x86
		{5DD4199C-27AF-4CF6-B122-7504BAA61281}.Debug|x86.Build.0 = Debug|x86
		{5DD4199C-27AF-4CF6-B122-7504BAA61281}.Release|x86.ActiveCfg = Release|x86
		{5DD4199C-27AF-4CF6-B122-7504BAA61281}.Release|x86.Build.0 = Release|x86
		{D614CD56-2300-4836-9542-21EA7A3861D7}.Debug|x86.ActiveCfg = Debug|x86
		{D614CD56-2300-4836-9542-21EA7A3861D7}.Debug|x86.Build.0 = Debug|x86
		{D614CD56-2300-4836-9542-21EA7A3861D7}.Release|x86.ActiveCfg = Release|x86
		{D614CD56-2300-4836-9542-21EA7A3861D7}.Release|x86.Build.0 = Release|x86
		{B9250DB4-1058-4167-A75A-7DCECC212721}.Debug|x86.ActiveCfg = Debug|x86
		{B9250DB4-1058-4167-A75A-7DCECC212721}.Debug|x86.Build.0 = Debug|x86
		{B9250DB4-1058-4167-A75A-7DCECC212721}.Release|x86.ActiveCfg = Release|x86
		{B9250DB4-1058-4167-A75A-7DCECC212721}.Release|x86.Build.0 = Release|x86
		{F62D068B-CDF3-4A48-8EB3-3A121079837F}.Debug|x86.ActiveCfg = Debug|x86
		{F62D068B-CDF3-4A48-8EB3-3A121079837F}.Debug|x86.Build.0 = Debug|x86
		{F62D068B-CDF3-4A48-8EB3-3A121079837F}.Release|x86.ActiveCfg = Release|x86
		{F62D068B-CDF3-4A48-8EB3-3A121079837F}.Release|x86.Build.0 = Release|x86
		{B1767AC4-40EB-4ACC-8CFD-57B3E64571C9}.Debug|x86.ActiveCfg = Debug|x86
		{B1767AC4-40EB-4ACC-8CFD-57B3E64571C9}.Debug|x86.Build.0 = Debug|x86
		{B1767AC4-40EB-4ACC-8CFD-57B3E64571C9}.Release|x86.ActiveCfg = Release|x86
		{B1767AC4-40EB-4ACC-8CFD-57B3E64571C9}.Release|x86.Build.0 = Release|x86
		{84035B65-8E83-4127-97B1-81E71DBBE111}.Debug|x86.ActiveCfg = Debug|x86
		{84035B65-8E83-4127-97B1-81E71DBBE111}.Debug|x86.Build.0 = Debug|x86
		{84035B65-8E83-4127-97B1-81E71DBBE111}.Release|x86.ActiveCfg = Release|x86
		{84035B65-8E83-4127-97B1-81E71DBBE111}.Release|x86.Build.0 = Release|x86
		{EA62F7F1-7012-401E-9D86-A6AAB7787A31}.Debug|x86.ActiveCfg = Debug|x86
		{EA62F7F1-7012-401E-9D86-A6AAB7787A31}.Debug|x86.Build.0 = Debug|x86
		{EA62F7F1-7012-401E-9D86-A6AAB7787A31}.Release|x86.ActiveCfg = Release|x86
		{EA62F7F1-7012-401E-9D86-A6AAB7787A31}.Release|x86.Build.0 = Release|x86
		{6DA7756F-7B39-43E1-86A5-276CFF1F6958}.Debug|x86.ActiveCfg = Debug|x86
		{6DA7756F-7B39-43E1-86A5-276CFF1F6958}.Debug|x86.Build.0 = Debug|x86
		{6DA7756F-7B39-43E1-86A5-276CFF1F6958}.Release|x86.ActiveCfg = Release|x86
		{6DA7756F-7B39-43E1-86A5-276CFF1F6958}.Release|x86.Build.0 = Release|x86
		{41ECB864-1BCB-47D1-B2FB-9249F5BECEA5}.Debug|x86.ActiveCfg = Debug|x86
		{41ECB864-1BCB-47D1-B2FB-9249F5BECEA5}.Debug|x86.Build.0 = Debug|x86
		{41ECB864-1BCB-47D1-B2FB-9249F5BECEA5}.Release|x86.ActiveCfg = Release|x86
		{41ECB864-1BCB-47D1-B2FB-9249F5BECEA5}.Release|x86.Build.0 = Release|x86
		{592BDC10-87BC-48EC-A573-2AE322D4B897}.Debug|x86.ActiveCfg = Debug|x86
		{592BDC10-87BC-48EC-A573-2AE322D4B897}.Debug|x86.Build.0 = Debug|x86
		{592BDC10-87BC-48EC-A573-2AE322D4B897}.Release|x86.ActiveCfg = Release|x86
		{592BDC10-87BC-48EC-A573-2AE322D4B897}.Release|x86.Build.0 = Release|x86
		{0D3AC5DC-5B77-4C2A-AC3D-8755AE4D84DB}.Debug|x86.ActiveCfg = Debug|x86
		{0D3AC5DC-5B77-4C2A-AC3D-8755AE4D84DB}.Debug|x86.Build.0 = Debug|x86
		{0D3AC5DC-5B77-4C2A-AC3D-8755AE4D84DB}.Release|x86.ActiveCfg = Release|x86
		{0D3AC5DC-5B77-4C2A-AC3D-8755AE4D84DB}.Release|x86.Build.0 = Release|x86
		{0ED23B38-2777-4158-9C36-6F847F3AFD86}.Debug|x86.ActiveCfg = Debug|x86
		{0ED23B38-2777-4158-9C36-6F847F3AFD86}.Debug|x86.Build.0 = Debug|x86
		{0ED23B38-2777-4158-9C36-6F847F3AFD86}.Release|x86.ActiveCfg = Release|x86
		{0ED23B38-2777-4158-9C36-6F847F3AFD86}.Release|x86.Build.0 = Release|x86
		{E352D33F-1189-4DDD-A9B3-711A05B0FFC1}.Debug|x86.ActiveCfg = Debug|x86
		{E352D33F-1189-4DDD-A9B3-711A05B0FFC1}.Debug|x86.Build.0 = Debug|x86
		{E352D33F-1189-4DDD-A9B3-711A05B0FFC1}.Release|x86.ActiveCfg = Release|x86
		{E352D33F-1189-4DDD-A9B3-711A05B0FFC1}.Release|x86.Build.0 = Release|x86
		{877D8FBC-0174-4713-B9A3-799336F27CA3}.Debug|x86.ActiveCfg = Debug|x86
		{877D8FBC-0174-4713-B9A3-799336F27CA3}.Debug|x86.Build.0 = Debug|x86
		{877D8FBC-0174-4713-B9A3-799336F27CA3}.Release|x86.ActiveCfg = Release|x86
		{877D8FBC-0174-4713-B9A3-799336F27CA3}.Release|x86.Build.0 = Release|x86
		{417DBA0F-B2F7-4467-8B03-79BDA2CFC0A0}.Debug|x86.ActiveCfg = Debug|x86
		{417DBA0F-B2F7-4467-8B03-79BDA2CFC0A0}.Debug|x86.Build.0 = Debug|x86
		{417DBA0F-B2F7-4467-8B03-79BDA2CFC0A0}.Release|x86.ActiveCfg = Release|x86
		{417DBA0F-B2F7-4467-8B03-79BDA2CFC0A0}.Release|x86.Build.0 = Release|x86
		{F36860D9-9D07-4AD0-B095-E0FE18F44399}.Debug|x86.ActiveCfg = Debug|x86
		{F36860D9-9D07-4AD0-B095-E0FE18F44399}.Debug|x86.Build.0 = Debug|x86
		{F36860D9-9D07-4AD0-B095-E0FE18F44399}.Release|x86.ActiveCfg = Release|x86
		{F36860D9-9D07-4AD0-B095-E0FE18F44399}.Release|x86.Build.0 = Release|x86
		{170B395D-00F3-44F5-82DF-728B5A54B2D8}.Debug|x86.ActiveCfg = Debug|x86
		{170B395D-00F3-44F5-82DF-728B5A54B2D8}.Debug|x86.Build.0 = Debug|x86
		{170B395D-00F3-44F5-82DF-728B5A54B2D8}.Release|x86.ActiveCfg = Release|x86
		{170B395D-00F3-44F5-82DF-728B5A54B2D8}.Release|x86.Build.0 = Release|x86
		{3FC2B0EA-C6D0-4A4D-9443-E251DD8CD99D}.Debug|x86.ActiveCfg = Debug|x86
		{3FC2B0EA-C6D0-4A4D-9443-E251DD8CD99D}.Debug|x86.Build.0 = Debug|x86
		{3FC2B0EA-C6D0-4A4D-9443-E251DD8CD99D}.Release|x86.ActiveCfg = Release|x86
		{3FC2B0EA-C6D0-4A4D-9443-E251DD8CD99D}.Release|x86.Build.0 = Release|x86
		{AE1462AE-D063-4E04-BBF9-527E2DED5461}.Debug|x86.ActiveCfg = Debug|x86
		{AE1462AE-D063-4E04-BBF9-527E2DED5461}.Debug|x86.Build.0 = Debug|x86
		{AE1462AE-D063-4E04-BBF9-527E2DED5461}.Release|x86.ActiveCfg = Release|x86
		{AE1462AE-D063-4E04-BBF9-527E2DED5461}.Release|x86.Build.0 = Release|x86
		{2B8BEACE-26B7-451A-B099-24BB122E5E32}.Debug|x86.ActiveCfg = Debug|x86
		{2B8BEACE-26B7-451A-B099-24BB122E5E32}.Debug|x86.Build.0 = Debug|x86
		{2B8BEACE-26B7-451A-B099-24BB122E5E32}.Release|x86.ActiveCfg = Release|x86
		{2B8BEACE-26B7-451A-B099-24BB122E5E32}.Release|x86.Build.0 = Release|x86
		{60AEA22E-1905-47F5-87EA-B42DFAFE6D58}.Debug|x86.ActiveCfg = Debug|x86
		{60AEA22E-1905-47F5-87EA-B42DFAFE6D58}.Debug|x86.Build.0 = Debug|x86
		{60AEA22E-1905-47F5-87EA-B42DFAFE6D58}.Release|x86.ActiveCfg = Release|x86
		{60AEA22E-1905-47F5-87EA-B42DFAFE6D58}.Release|x86.Build.0 = Release|x86
		{3FCD3C90-1CDB-4D0C-8676-C9156992B28E}.Debug|x86.ActiveCfg = Debug|x86
		{3FCD3C90-1CDB-4D0C-8676-C9156992B28E}.Debug|x86.Build.0 = Debug|x86
		{3FCD3C90-1CDB-4D0C-8676-C9156992B28E}.Release|x86.ActiveCfg = Release|x86
		{3FCD3C90-1CDB-4D0C-8676-C9156992B28E}.Release|x86.Build.0 = Release|x86
		{5733251E-7778-481D-8FEC-DA2572CE56E2}.Debug|x86.ActiveCfg = Debug|x86
		{5733251E-7778-481D-8FEC-DA2572CE56E2}.Debug|x86.Build.0 = Debug|x86
		{5733251E-7778-481D-8FEC-DA2572CE56E2}.Release|x86.ActiveCfg = Release|x86
		{5733251E-7778-481D-8FEC-DA2572CE56E2}.Release|x86.Build.0 = Release|x86
		{905CC3EF-48EC-4B16-907A-011932244143}.Debug|x86.ActiveCfg = Debug|x86
		{905CC3EF-48EC-4B16-907A-011932244143}.Debug|x86.Build.0 = Debug|x86
		{905CC3EF-48EC-4B16-907A-011932244143}.Release|x86.ActiveCfg = Release|x86
		{905CC3EF-48EC-4B16-907A-011932244143}.Release|x86.Build.0 = Release|x86
		{64EF5C41-3240-4C87-9743-322715523CEA}.Debug|x86.ActiveCfg = Debug|x86
		{64EF5C41-3240-4C87-9743-322715523CEA}.Debug|x86.Build.0 = Debug|x86
		{64EF5C41-3240-4C87-9743-322715523CEA}.Release|x86.ActiveCfg = Release|x86
		{64EF5C41-3240-4C87-9743-322715523CEA}.Release|x86.Build.0 = Release|x86
		{06FD3804-B872-4C3D-982E-B6161694ED5F}.Debug|x86.ActiveCfg = Debug|x86
		{06FD3804-B872-4C3D-982E-B6161694ED5F}.Debug|x86.Build.0 = Debug|x86
		{06FD3804-B872-4C3D-982E-B6161694ED5F}.Release|x86.ActiveCfg = Release|x86
		{06FD3804-B872-4C3D-982E-B6161694ED5F}.Release|x86.Build.0 = Release|x86
		{5745EE52-11C4-412D-A7DD-BEBB5C1D4A0B}.Debug|x86.ActiveCfg = Debug|x86
		{5745EE52-11C4-412D-A7DD-BEBB5C1D4A0B}.Debug|x86.Build.0 = Debug|x86
		{5745EE52-11C4-412D-A7DD-BEBB5C1D4A0B}.Release|x86.ActiveCfg = Release|x86
		{5745EE52-11C4-412D-A7DD-BEBB5C1D4A0B}.Release|x86.Build.0 = Release|x86
		{2B1E0CB5-D82C-43C3-BB5A-F4C7412CCB51}.Debug|x86.ActiveCfg = Debug|x86
		{2B1E0CB5-D82C-43C3-BB5A-F4C7412CCB51}.Debug|x86.Build.0 = Debug|x86
		{2B1E0CB5-D82C-43C3-BB5A-F4C7412CCB51}.Release|x86.ActiveCfg = Release|x86
		{2B1E0CB5-D82C-43C3-BB5A-F4C7412CCB51}.Release|x86.Build.0 = Release|x86
		{B01CD07E-0CB6-45BB-A79A-945EC3055F4F}.Debug|x86.ActiveCfg = Debug|x86
		{B01CD07E-0CB6-45BB-A79A-945EC3055F4F}.Debug|x86.Build.0 = Debug|x86
		{B01CD07E-0CB6-45BB-A79A-945EC3055F4F}.Release|x86.ActiveCfg = Release|x86
		{B01CD07E-0CB6-45BB-A79A-945EC3055F4F}.Release|x86.Build.0 = Release|x86
		{A52E806C-624A-40D1-8505-659ABF463F28}.Debug|x86.ActiveCfg = Debug|x86
		{A52E806C-624A-40D1-8505-659ABF463F28}.Debug|x86.Build.0 = Debug|x86
		{A52E806C-624A-40D1-8505-659ABF463F28}.Release|x86.ActiveCfg = Release|x86
		{A52E806C-624A-40D1-8505-659ABF463F28}.Release|x86.Build.0 = Release|x86
		{6FC9661C-D231-4581-B149-53ECEB314A95}.Debug|x86.ActiveCfg = Debug|x86
		{6FC9661C-D231-4581-B149-53ECEB314A95}.Debug|x86.Build.0 = Debug|x86
		{6FC9661C-D231-4581-B149-53ECEB314A95}.Release|x86.ActiveCfg = Release|x86
		{6FC9661C-D231-4581-B149-53ECEB314A95}.Release|x86.Build.0 = Release|x86
		{BC5BE848-207E-4B27-BD2B-1B80F47E2DBF}.Debug|x86.ActiveCfg = Debug|x86
		{BC5BE848-207E-4B27-BD2B-1B80F47E2DBF}.Debug|x86.Build.0 = Debug|x86
		{BC5BE848-207E-4B27-BD2B-1B80F47E2DBF}.Release|x86.ActiveCfg = Release|x86
		{BC5BE848-207E-4B27-BD2B-1B80F47E2DBF}.Release|x86.Build.0 = Release|x86
		{34DC0A7D-9C39-448F-BED1-976093EED6DA}.Debug|x86.ActiveCfg = Debug|x86
		{34DC0A7D-9C39-448F-BED1-976093EED6DA}.Debug|x86.Build.0 = Debug|x86
		{34DC0A7D-9C39-448F-BED1-976093EED6DA}.Release|x86.ActiveCfg = Release|x86
		{34DC0A7D-9C39-448F-BED1-976093EED6DA}.Release|x86.Build.0 = Release|x86
		{7590DAEF-AF0D-46EE-9622-3BE6A5877080}.Debug|x86.ActiveCfg = Debug|x86
		{7590DAEF-AF0D-46EE-9622-3BE6A5877080}.Debug|x86.Build.0 = Debug|x86
		{7590DAEF-AF0D-46EE-9622-3BE6A5877080}.Release|x86.ActiveCfg = Release|x86
		{7590DAEF-AF0D-46EE-9622-3BE6A5877080}.Release|x86.Build.0 = Release|x86
		{F0BF0908-A46E-4219-AC61-56DF618A22BA}.Debug|x86.ActiveCfg = Debug|x86
		{F0BF0908-A46E-4219-AC61-56DF618A22BA}.Debug|x86.Build.0 = Debug|x86
		{F0BF0908-A46E-4219-AC61-56DF618A22BA}.Release|x86.ActiveCfg = Release|x86
		{F0BF0908-A46E-4219-AC61-56DF618A22BA}.Release|x86.Build.0 = Release|x86
		{8271A697-B95E-4B79-92E5-AF6D0C47F251}.Debug|x86.ActiveCfg = Debug|x86
		{8271A697-B95E-4B79-92E5-AF6D0C47F251}.Debug|x86.Build.0 = Debug|x86
		{8271A697-B95E-4B79-92E5-AF6D0C47F251}.Release|x86.ActiveCfg = Release|x86
		{8271A697-B95E-4B79-92E5-AF6D0C47F251}.Release|x86.Build.0 = Release|x86
		{CCA6F8B6-AFE1-4316-ABBB-1E5850F0CC85}.Debug|x86.ActiveCfg = Debug|x86
		{CCA6F8B6-AFE1-4316-ABBB-1E5850F0CC85}.Debug|x86.Build.0 = Debug|x86
		{CCA6F8B6-AFE1-4316-ABBB-1E5850F0CC85}.Release|x86.ActiveCfg = Release|x86
		{CCA6F8B6-AFE1-4316-ABBB-1E5850F0CC85}.Release|x86.Build.0 = Release|x86
		{C5256B4B-1F7E-4E8A-BE66-DE03D0B1EB0B}.Debug|x86.ActiveCfg = Debug|x86
		{C5256B4B-1F7E-4E8A-BE66-DE03D0B1EB0B}.Debug|x86.Build.0 = Debug|x86
		{C5256B4B-1F7E-4E8A-BE66-DE03D0B1EB0B}.Release|x86.ActiveCfg = Release|x86
		{C5256B4B-1F7E-4E8A-BE66-DE03D0B1EB0B}.Release|x86.Build.0 = Release|x86
		{726789AB-83FB-4C7E-9D13-A43C3942F204}.Debug|x86.ActiveCfg = Debug|x86
		{726789AB-83FB-4C7E-9D13-A43C3942F204}.Debug|x86.Build.0 = Debug|x86
		{726789AB-83FB-4C7E-9D13-A43C3942F204}.Release|x86.ActiveCfg = Release|x86
		{726789AB-83FB-4C7E-9D13-A43C3942F204}.Release|x86.Build.0 = Release|x86
		{98FDB09D-43AF-4564-8889-5DAB0769ED90}.Debug|x86.ActiveCfg = Debug|x86
		{98FDB09D-43AF-4564-8889-5DAB0769ED90}.Debug|x86.Build.0 = Debug|x86
		{98FDB09D-43AF-4564-8889-5DAB0769ED90}.Release|x86.ActiveCfg = Release|x86
		{98FDB09D-43AF-4564-8889-5DAB0769ED90}.Release|x86.Build.0 = Release|x86
		{6594F602-112A-447D-B406-06A6925B3100}.Debug|x86.ActiveCfg = Debug|x86
		{6594F602-112A-447D-B406-06A6925B3100}.Debug|x86.Build.0 = Debug|x86
		{6594F602-112A-447D-B406-06A6925B3100}.Release|x86.ActiveCfg = Release|x86
		{6594F602-112A-447D-B406-06A6925B3100}.Release|x86.Build.0 = Release|x86
		{1BD3039D-BAB7-4C83-92BE-19ADCA5E91E7}.Debug|x86.ActiveCfg = Debug|x86
		{1BD3039D-BAB7-4C83-92BE-19ADCA5E91E7}.Debug|x86.Build.0 = Debug|x86
		{1BD3039D-BAB7-4C83-92BE-19ADCA5E91E7}.Release|x86.ActiveCfg = Release|x86
		{1BD3039D-BAB7-4C83-92BE-19ADCA5E91E7}.Release|x86.Build.0 = Release|x86
		{AC50CA8D-D3B1-4D40-B16D-DAEF930DF239}.Debug|x86.ActiveCfg = Debug|x86
		{AC50CA8D-D3B1-4D40-B16D-DAEF930DF239}.Debug|x86.Build.0 = Debug|x86
		{AC50CA8D-D3B1-4D40-B16D-DAEF930DF239}.Release|x86.ActiveCfg = Release|x86
		{AC50CA8D-D3B1-4D40-B16D-DAEF930DF239}.Release|x86.Build.0 = Release|x86
		{719BEFE5-6D8D-4EC1-942C-CB237B6DDF30}.Debug|x86.ActiveCfg = Debug|x86
		{719BEFE5-6D8D-4EC1-942C-CB237B6DDF30}.Debug|x86.Build.0 = Debug|x86
		{719BEFE5-6D8D-4EC1-942C-CB237B6DDF30}.Release|x86.ActiveCfg = Release|x86
		{719BEFE5-6D8D-4EC1-942C-CB237B6DDF30}.Release|x86.Build.0 = Release|x86
		{61E3C5F0-8A77-4954-925A-93B35F049980}.Debug|x86.ActiveCfg = Debug|x86
		{61E3C5F0-8A77-4954-925A-93B35F049980}.Debug|x86.Build.0 = Debug|x86
		{61E3C5F0-8A77-4954-925A-93B35F049980}.Release|x86.ActiveCfg = Release|x86
		{61E3C5F0-8A77-4954-925A-93B35F049980}.Release|x86.Build.0 = Release|x86
		{98D59C18-A51B-4934-BC41-7222FEDD9567}.Debug|x86.ActiveCfg = Debug|x86
		{98D59C18-A51B-4934-BC41-7222FEDD9567}.Debug|x86.Build.0 = Debug|x86
		{98D59C18-A51B-4934-BC41-7222FEDD9567}.Release|x86.ActiveCfg = Release|x86
		{98D59C18-A51B-4934-BC41-7222FEDD9567}.Release|x86.Build.0 = Release|x86
		{A1FDFEAD-43EB-47A5-BB01-191FED9C5D38}.Debug|x86.ActiveCfg = Debug|x86
		{A1FDFEAD-43EB-47A5-BB01-191FED9C5D38}.Debug|x86.Build.0 = Debug|x86
		{A1FDFEAD-43EB-47A5-BB01-191FED9C5D38}.Release|x86.ActiveCfg = Release|x86
		{A1FDFEAD-43EB-47A5-BB01-191FED9C5D38}.Release|x86.Build.0 = Release|x86
		{BB1EEE04-7CF9-4EDF-8727-A4562BB389FA}.Debug|x86.ActiveCfg = Debug|x86
		{BB1EEE04-7CF9-4EDF-8727-A4562BB389FA}.Debug|x86.Build.0 = Debug|x86
		{BB1EEE04-7CF9-4EDF-8727-A4562BB389FA}.Release|x86.ActiveCfg = Release|x86
		{BB1EEE04-7CF9-4EDF-8727-A4562BB389FA}.Release|x86.Build.0 = Release|x86
	EndGlobalSection
EndGlobal
